
Microsoft Visual Studio Solution File, Format Version 12.00
# Visual Studio Version 17
VisualStudioVersion = 17.5.33627.172
MinimumVisualStudioVersion = 10.0.40219.1
Project("{9A19103F-16F7-4668-BE54-9A1E7A4F7556}") = "MavicsBank", "MavicsBank.csproj", "{7BCD6D1E-9ED6-4A2D-99D4-11179C1F61A1}"
EndProject
Project("{2150E333-8FDC-42A3-9474-1A3956D46DE8}") = "MavicsBankTest", "MavicsBankTest", "{5BC1D591-68E4-4606-B94E-17968399AF7E}"
EndProject
Project("{2150E333-8FDC-42A3-9474-1A3956D46DE8}") = "ValidationTest", "ValidationTest", "{53412C9F-6E9D-4939-932E-F9210D691C55}"
EndProject
Project("{FAE04EC0-301F-11D3-BF4B-00C04F79EFBC}") = "DashboardValidation", "..\DashboardValidation\DashboardValidation.csproj", "{A26A7E45-A3E5-42EC-BAEF-D46AC4F81CAF}"
EndProject
Project("{FAE04EC0-301F-11D3-BF4B-00C04F79EFBC}") = "HelperValidationTest", "..\HelperValidationTest\HelperValidationTest.csproj", "{B1E29D3E-026E-4C00-B6C1-9E043B199A81}"
EndProject
Project("{FAE04EC0-301F-11D3-BF4B-00C04F79EFBC}") = "HomePageValidationTest", "..\HomePageValidationTest\HomePageValidationTest.csproj", "{080CD95E-5BF4-4AD8-B66C-32D23556FC6B}"
EndProject
Project("{2150E333-8FDC-42A3-9474-1A3956D46DE8}") = "ImplementationTest", "ImplementationTest", "{B70CE734-B6B9-4C75-A26C-CA80B11741FB}"
EndProject
Project("{2150E333-8FDC-42A3-9474-1A3956D46DE8}") = "Customer-Implementations-Test", "Customer-Implementations-Test", "{5BA40ADF-0439-41F6-A8C5-2204064D5938}"
EndProject
Project("{FAE04EC0-301F-11D3-BF4B-00C04F79EFBC}") = "HelperTest", "..\HelperTest\HelperTest.csproj", "{91402D0C-1205-487E-931E-DF5EDF77B30C}"
EndProject
Global
	GlobalSection(SolutionConfigurationPlatforms) = preSolution
		Debug|Any CPU = Debug|Any CPU
		Release|Any CPU = Release|Any CPU
	EndGlobalSection
	GlobalSection(ProjectConfigurationPlatforms) = postSolution
		{7BCD6D1E-9ED6-4A2D-99D4-11179C1F61A1}.Debug|Any CPU.ActiveCfg = Debug|Any CPU
		{7BCD6D1E-9ED6-4A2D-99D4-11179C1F61A1}.Debug|Any CPU.Build.0 = Debug|Any CPU
		{7BCD6D1E-9ED6-4A2D-99D4-11179C1F61A1}.Release|Any CPU.ActiveCfg = Release|Any CPU
		{7BCD6D1E-9ED6-4A2D-99D4-11179C1F61A1}.Release|Any CPU.Build.0 = Release|Any CPU
		{A26A7E45-A3E5-42EC-BAEF-D46AC4F81CAF}.Debug|Any CPU.ActiveCfg = Debug|Any CPU
		{A26A7E45-A3E5-42EC-BAEF-D46AC4F81CAF}.Debug|Any CPU.Build.0 = Debug|Any CPU
		{A26A7E45-A3E5-42EC-BAEF-D46AC4F81CAF}.Release|Any CPU.ActiveCfg = Release|Any CPU
		{A26A7E45-A3E5-42EC-BAEF-D46AC4F81CAF}.Release|Any CPU.Build.0 = Release|Any CPU
		{B1E29D3E-026E-4C00-B6C1-9E043B199A81}.Debug|Any CPU.ActiveCfg = Debug|Any CPU
		{B1E29D3E-026E-4C00-B6C1-9E043B199A81}.Debug|Any CPU.Build.0 = Debug|Any CPU
		{B1E29D3E-026E-4C00-B6C1-9E043B199A81}.Release|Any CPU.ActiveCfg = Release|Any CPU
		{B1E29D3E-026E-4C00-B6C1-9E043B199A81}.Release|Any CPU.Build.0 = Release|Any CPU
		{080CD95E-5BF4-4AD8-B66C-32D23556FC6B}.Debug|Any CPU.ActiveCfg = Debug|Any CPU
		{080CD95E-5BF4-4AD8-B66C-32D23556FC6B}.Debug|Any CPU.Build.0 = Debug|Any CPU
		{080CD95E-5BF4-4AD8-B66C-32D23556FC6B}.Release|Any CPU.ActiveCfg = Release|Any CPU
		{080CD95E-5BF4-4AD8-B66C-32D23556FC6B}.Release|Any CPU.Build.0 = Release|Any CPU
		{91402D0C-1205-487E-931E-DF5EDF77B30C}.Debug|Any CPU.ActiveCfg = Debug|Any CPU
		{91402D0C-1205-487E-931E-DF5EDF77B30C}.Debug|Any CPU.Build.0 = Debug|Any CPU
		{91402D0C-1205-487E-931E-DF5EDF77B30C}.Release|Any CPU.ActiveCfg = Release|Any CPU
		{91402D0C-1205-487E-931E-DF5EDF77B30C}.Release|Any CPU.Build.0 = Release|Any CPU
	EndGlobalSection
	GlobalSection(SolutionProperties) = preSolution
		HideSolutionNode = FALSE
	EndGlobalSection
	GlobalSection(NestedProjects) = preSolution
		{53412C9F-6E9D-4939-932E-F9210D691C55} = {5BC1D591-68E4-4606-B94E-17968399AF7E}
		{A26A7E45-A3E5-42EC-BAEF-D46AC4F81CAF} = {53412C9F-6E9D-4939-932E-F9210D691C55}
		{B1E29D3E-026E-4C00-B6C1-9E043B199A81} = {53412C9F-6E9D-4939-932E-F9210D691C55}
		{080CD95E-5BF4-4AD8-B66C-32D23556FC6B} = {53412C9F-6E9D-4939-932E-F9210D691C55}
		{B70CE734-B6B9-4C75-A26C-CA80B11741FB} = {5BC1D591-68E4-4606-B94E-17968399AF7E}
		{5BA40ADF-0439-41F6-A8C5-2204064D5938} = {B70CE734-B6B9-4C75-A26C-CA80B11741FB}
		{91402D0C-1205-487E-931E-DF5EDF77B30C} = {5BA40ADF-0439-41F6-A8C5-2204064D5938}
	EndGlobalSection
	GlobalSection(ExtensibilityGlobals) = postSolution
		SolutionGuid = {6DFF082B-8D6D-469D-8F9D-88B86CF5F153}
	EndGlobalSection
EndGlobal
